{
  "lockfileVersion": 1,
  "workspaces": {
    "": {
      "name": "@bulatlib/di-examples",
      "dependencies": {
        "@bulatlib/di": "../pack/bulatlib-di-0.0.1.tgz",
        "inversify": ">=5 <8",
      },
    },
  },
  "packages": {
    "@bulatlib/di": ["@bulatlib/di@../pack/bulatlib-di-0.0.1.tgz", { "peerDependencies": { "inversify": ">=5 <8" } }],

    "@inversifyjs/common": ["@inversifyjs/common@1.5.2", "", {}, "sha512-WlzR9xGadABS9gtgZQ+luoZ8V6qm4Ii6RQfcfC9Ho2SOlE6ZuemFo7PKJvKI0ikm8cmKbU8hw5UK6E4qovH21w=="],

    "@inversifyjs/container": ["@inversifyjs/container@1.12.7", "", { "dependencies": { "@inversifyjs/common": "1.5.2", "@inversifyjs/core": "8.0.0", "@inversifyjs/plugin": "0.2.0", "@inversifyjs/reflect-metadata-utils": "1.3.0" }, "peerDependencies": { "reflect-metadata": "~0.2.2" } }, "sha512-gmZCrg+4FnC0K16b1oKp+HER50WCcvJ29x6S9GC5duVfIfrTve704Gx5Plj1sAiovRbY9d45TEFN96zH/QQrpg=="],

    "@inversifyjs/core": ["@inversifyjs/core@8.0.0", "", { "dependencies": { "@inversifyjs/common": "1.5.2", "@inversifyjs/prototype-utils": "0.1.2", "@inversifyjs/reflect-metadata-utils": "1.3.0" } }, "sha512-rYmI6lT9NbhujCRu/cMRAqvpM+I0leYmgHidA418f8VbMeRexxr9WbjPb8KaUG/dQpTUzHkHDxh+0ocp/fb+Ng=="],

    "@inversifyjs/plugin": ["@inversifyjs/plugin@0.2.0", "", {}, "sha512-R/JAdkTSD819pV1zi0HP54mWHyX+H2m8SxldXRgPQarS3ySV4KPyRdosWcfB8Se0JJZWZLHYiUNiS6JvMWSPjw=="],

    "@inversifyjs/prototype-utils": ["@inversifyjs/prototype-utils@0.1.2", "", { "dependencies": { "@inversifyjs/common": "1.5.2" } }, "sha512-WZAEycwVd8zVCPCQ7GRzuQmjYF7X5zbjI9cGigDbBoTHJ8y5US9om00IAp0RYislO+fYkMzgcB2SnlIVIzyESA=="],

    "@inversifyjs/reflect-metadata-utils": ["@inversifyjs/reflect-metadata-utils@1.3.0", "", { "peerDependencies": { "reflect-metadata": "0.2.2" } }, "sha512-JJVnIRq75+nF8FP4WwFPdVQ4sgqf09acXbODi3B7vVtJo+0Mo0YQOOdSWw/cHmbP8+5MAKi4PBYOK3yqn4tGNg=="],

    "inversify": ["inversify@7.9.1", "", { "dependencies": { "@inversifyjs/common": "1.5.2", "@inversifyjs/container": "1.12.7", "@inversifyjs/core": "8.0.0" }, "peerDependencies": { "reflect-metadata": "~0.2.2" } }, "sha512-+x7saeEKDDakWwhtLHAPYPXxCSMI4xTQBJqkTYC6AZHMw+3SpUu7p8hma8pfhazgRHoSB1tENKwtIOLi+uOQUg=="],

    "reflect-metadata": ["reflect-metadata@0.2.2", "", {}, "sha512-urBwgfrvVP/eAyXx4hluJivBKzuEbSQs9rKWCrCkbSxNv8mxPcUZKeuoF3Uy4mJl3Lwprp6yy5/39VWigZ4K6Q=="],
  }
}
